
Microsoft Visual Studio Solution File, Format Version 12.00
# Visual Studio 15
VisualStudioVersion = 15.0.28302.56
MinimumVisualStudioVersion = 10.0.40219.1
Project("{FAE04EC0-301F-11D3-BF4B-00C04F79EFBC}") = "Demo_Mvc5", "Demo_Mvc5\Demo_Mvc5.csproj", "{38FCE3EA-C95E-4DF2-A0C0-F2F55FDBCB01}"
EndProject
Project("{2150E333-8FDC-42A3-9474-1A3956D46DE8}") = "DataEF", "DataEF", "{549F06DF-EB54-4359-83A7-E4F362157E8D}"
EndProject
Project("{2150E333-8FDC-42A3-9474-1A3956D46DE8}") = "IOC", "IOC", "{5EB94C27-BE3B-4416-A3AE-318F916613A8}"
EndProject
Project("{2150E333-8FDC-42A3-9474-1A3956D46DE8}") = "DataWcf", "DataWcf", "{AFC66556-DD6E-463F-9DE4-7FB98688D3CC}"
EndProject
Project("{FAE04EC0-301F-11D3-BF4B-00C04F79EFBC}") = "Bussiness.EFModel", "Bussiness.EFModel\Bussiness.EFModel.csproj", "{261436A7-CF58-4495-B0E2-CB4C0FF9FBC5}"
EndProject
Project("{2150E333-8FDC-42A3-9474-1A3956D46DE8}") = "IOCAop", "IOCAop", "{1A2E293E-58C7-436F-9C5C-602509803DD1}"
EndProject
Project("{FAE04EC0-301F-11D3-BF4B-00C04F79EFBC}") = "Bussiness.Interface", "Bussiness.Interface\Bussiness.Interface.csproj", "{68A66389-B073-4801-B0AD-0CCAC5770C42}"
EndProject
Project("{FAE04EC0-301F-11D3-BF4B-00C04F79EFBC}") = "Bussiness.Service", "Bussiness.Service\Bussiness.Service.csproj", "{D86DFF07-0846-46B0-91A2-26EFDC818DB9}"
EndProject
Project("{FAE04EC0-301F-11D3-BF4B-00C04F79EFBC}") = "Bussiness.IOCAOP", "Bussiness.IOCAOP\Bussiness.IOCAOP.csproj", "{0B342EDB-AE33-4B75-A266-DEB27E8EE865}"
EndProject
Project("{FAE04EC0-301F-11D3-BF4B-00C04F79EFBC}") = "Remote.Interface", "Remote.Interface\Remote.Interface.csproj", "{B08E4689-C25F-490F-A6EA-1CB67FED41B7}"
EndProject
Project("{FAE04EC0-301F-11D3-BF4B-00C04F79EFBC}") = "Remote.Service", "Remote.Service\Remote.Service.csproj", "{C58CCC6E-B001-4602-BDC7-547011CDCB69}"
EndProject
Project("{FAE04EC0-301F-11D3-BF4B-00C04F79EFBC}") = "Remote.Model", "Remote.Model\Remote.Model.csproj", "{82291B30-4EC4-4C44-A960-C928EF6787A4}"
EndProject
Global
	GlobalSection(SolutionConfigurationPlatforms) = preSolution
		Debug|Any CPU = Debug|Any CPU
		Release|Any CPU = Release|Any CPU
	EndGlobalSection
	GlobalSection(ProjectConfigurationPlatforms) = postSolution
		{38FCE3EA-C95E-4DF2-A0C0-F2F55FDBCB01}.Debug|Any CPU.ActiveCfg = Debug|Any CPU
		{38FCE3EA-C95E-4DF2-A0C0-F2F55FDBCB01}.Debug|Any CPU.Build.0 = Debug|Any CPU
		{38FCE3EA-C95E-4DF2-A0C0-F2F55FDBCB01}.Release|Any CPU.ActiveCfg = Release|Any CPU
		{38FCE3EA-C95E-4DF2-A0C0-F2F55FDBCB01}.Release|Any CPU.Build.0 = Release|Any CPU
		{261436A7-CF58-4495-B0E2-CB4C0FF9FBC5}.Debug|Any CPU.ActiveCfg = Debug|Any CPU
		{261436A7-CF58-4495-B0E2-CB4C0FF9FBC5}.Debug|Any CPU.Build.0 = Debug|Any CPU
		{261436A7-CF58-4495-B0E2-CB4C0FF9FBC5}.Release|Any CPU.ActiveCfg = Release|Any CPU
		{261436A7-CF58-4495-B0E2-CB4C0FF9FBC5}.Release|Any CPU.Build.0 = Release|Any CPU
		{68A66389-B073-4801-B0AD-0CCAC5770C42}.Debug|Any CPU.ActiveCfg = Debug|Any CPU
		{68A66389-B073-4801-B0AD-0CCAC5770C42}.Debug|Any CPU.Build.0 = Debug|Any CPU
		{68A66389-B073-4801-B0AD-0CCAC5770C42}.Release|Any CPU.ActiveCfg = Release|Any CPU
		{68A66389-B073-4801-B0AD-0CCAC5770C42}.Release|Any CPU.Build.0 = Release|Any CPU
		{D86DFF07-0846-46B0-91A2-26EFDC818DB9}.Debug|Any CPU.ActiveCfg = Debug|Any CPU
		{D86DFF07-0846-46B0-91A2-26EFDC818DB9}.Debug|Any CPU.Build.0 = Debug|Any CPU
		{D86DFF07-0846-46B0-91A2-26EFDC818DB9}.Release|Any CPU.ActiveCfg = Release|Any CPU
		{D86DFF07-0846-46B0-91A2-26EFDC818DB9}.Release|Any CPU.Build.0 = Release|Any CPU
		{0B342EDB-AE33-4B75-A266-DEB27E8EE865}.Debug|Any CPU.ActiveCfg = Debug|Any CPU
		{0B342EDB-AE33-4B75-A266-DEB27E8EE865}.Debug|Any CPU.Build.0 = Debug|Any CPU
		{0B342EDB-AE33-4B75-A266-DEB27E8EE865}.Release|Any CPU.ActiveCfg = Release|Any CPU
		{0B342EDB-AE33-4B75-A266-DEB27E8EE865}.Release|Any CPU.Build.0 = Release|Any CPU
		{B08E4689-C25F-490F-A6EA-1CB67FED41B7}.Debug|Any CPU.ActiveCfg = Debug|Any CPU
		{B08E4689-C25F-490F-A6EA-1CB67FED41B7}.Debug|Any CPU.Build.0 = Debug|Any CPU
		{B08E4689-C25F-490F-A6EA-1CB67FED41B7}.Release|Any CPU.ActiveCfg = Release|Any CPU
		{B08E4689-C25F-490F-A6EA-1CB67FED41B7}.Release|Any CPU.Build.0 = Release|Any CPU
		{C58CCC6E-B001-4602-BDC7-547011CDCB69}.Debug|Any CPU.ActiveCfg = Debug|Any CPU
		{C58CCC6E-B001-4602-BDC7-547011CDCB69}.Debug|Any CPU.Build.0 = Debug|Any CPU
		{C58CCC6E-B001-4602-BDC7-547011CDCB69}.Release|Any CPU.ActiveCfg = Release|Any CPU
		{C58CCC6E-B001-4602-BDC7-547011CDCB69}.Release|Any CPU.Build.0 = Release|Any CPU
		{82291B30-4EC4-4C44-A960-C928EF6787A4}.Debug|Any CPU.ActiveCfg = Debug|Any CPU
		{82291B30-4EC4-4C44-A960-C928EF6787A4}.Debug|Any CPU.Build.0 = Debug|Any CPU
		{82291B30-4EC4-4C44-A960-C928EF6787A4}.Release|Any CPU.ActiveCfg = Release|Any CPU
		{82291B30-4EC4-4C44-A960-C928EF6787A4}.Release|Any CPU.Build.0 = Release|Any CPU
	EndGlobalSection
	GlobalSection(SolutionProperties) = preSolution
		HideSolutionNode = FALSE
	EndGlobalSection
	GlobalSection(NestedProjects) = preSolution
		{261436A7-CF58-4495-B0E2-CB4C0FF9FBC5} = {549F06DF-EB54-4359-83A7-E4F362157E8D}
		{68A66389-B073-4801-B0AD-0CCAC5770C42} = {5EB94C27-BE3B-4416-A3AE-318F916613A8}
		{D86DFF07-0846-46B0-91A2-26EFDC818DB9} = {5EB94C27-BE3B-4416-A3AE-318F916613A8}
		{0B342EDB-AE33-4B75-A266-DEB27E8EE865} = {1A2E293E-58C7-436F-9C5C-602509803DD1}
		{B08E4689-C25F-490F-A6EA-1CB67FED41B7} = {AFC66556-DD6E-463F-9DE4-7FB98688D3CC}
		{C58CCC6E-B001-4602-BDC7-547011CDCB69} = {AFC66556-DD6E-463F-9DE4-7FB98688D3CC}
		{82291B30-4EC4-4C44-A960-C928EF6787A4} = {AFC66556-DD6E-463F-9DE4-7FB98688D3CC}
	EndGlobalSection
	GlobalSection(ExtensibilityGlobals) = postSolution
		SolutionGuid = {38D0C6A1-6B0F-481C-ADDC-BDF65722A15C}
	EndGlobalSection
EndGlobal
